
Microsoft Visual Studio Solution File, Format Version 12.00
# Visual Studio Version 16
VisualStudioVersion = 16.0.31019.35
MinimumVisualStudioVersion = 10.0.40219.1
Project("{8BC9CEB8-8B4A-11D0-8D11-00A0C91BC942}") = "Household expenses", "Household expenses\Household expenses.vcxproj", "{2D416A6A-49F0-49F0-9750-BD3EAA084EE2}"
EndProject
Global
	GlobalSection(SolutionConfigurationPlatforms) = preSolution
		Debug|x64 = Debug|x64
		Debug|x86 = Debug|x86
		Release|x64 = Release|x64
		Release|x86 = Release|x86
	EndGlobalSection
	GlobalSection(ProjectConfigurationPlatforms) = postSolution
		{2D416A6A-49F0-49F0-9750-BD3EAA084EE2}.Debug|x64.ActiveCfg = Debug|x64
		{2D416A6A-49F0-49F0-9750-BD3EAA084EE2}.Debug|x64.Build.0 = Debug|x64
		{2D416A6A-49F0-49F0-9750-BD3EAA084EE2}.Debug|x86.ActiveCfg = Debug|Win32
		{2D416A6A-49F0-49F0-9750-BD3EAA084EE2}.Debug|x86.Build.0 = Debug|Win32
		{2D416A6A-49F0-49F0-9750-BD3EAA084EE2}.Release|x64.ActiveCfg = Release|x64
		{2D416A6A-49F0-49F0-9750-BD3EAA084EE2}.Release|x64.Build.0 = Release|x64
		{2D416A6A-49F0-49F0-9750-BD3EAA084EE2}.Release|x86.ActiveCfg = Release|Win32
		{2D416A6A-49F0-49F0-9750-BD3EAA084EE2}.Release|x86.Build.0 = Release|Win32
	EndGlobalSection
	GlobalSection(SolutionProperties) = preSolution
		HideSolutionNode = FALSE
	EndGlobalSection
	GlobalSection(ExtensibilityGlobals) = postSolution
		SolutionGuid = {1388F186-5FC0-4E71-92B0-A0C2E02EA338}
	EndGlobalSection
EndGlobal
